
Microsoft Visual Studio Solution File, Format Version 12.00
# Visual Studio 15
VisualStudioVersion = 15.0.27428.2043
MinimumVisualStudioVersion = 10.0.40219.1
Project("{FAE04EC0-301F-11D3-BF4B-00C04F79EFBC}") = "XamarinSocialLogin.Android", "XamarinSocialLogin\XamarinSocialLogin.Android\XamarinSocialLogin.Android.csproj", "{9836E6F8-D7A7-4AE2-9B06-AFAA49AC7E05}"
EndProject
Project("{FAE04EC0-301F-11D3-BF4B-00C04F79EFBC}") = "XamarinSocialLogin.iOS", "XamarinSocialLogin\XamarinSocialLogin.iOS\XamarinSocialLogin.iOS.csproj", "{598386E4-D64D-450F-AE06-B4F5886B199A}"
EndProject
Project("{FAE04EC0-301F-11D3-BF4B-00C04F79EFBC}") = "XamarinSocialLogin.UWP", "XamarinSocialLogin\XamarinSocialLogin.UWP\XamarinSocialLogin.UWP.csproj", "{EB63722A-A1FA-470E-8F9B-65F5B1246F55}"
EndProject
Project("{FAE04EC0-301F-11D3-BF4B-00C04F79EFBC}") = "XamarinSocialLogin", "XamarinSocialLogin\XamarinSocialLogin\XamarinSocialLogin.csproj", "{A55F70C3-116A-467D-80D8-55DB02305318}"
EndProject
Global
	GlobalSection(SolutionConfigurationPlatforms) = preSolution
		Ad-Hoc|Any CPU = Ad-Hoc|Any CPU
		Ad-Hoc|ARM = Ad-Hoc|ARM
		Ad-Hoc|iPhone = Ad-Hoc|iPhone
		Ad-Hoc|iPhoneSimulator = Ad-Hoc|iPhoneSimulator
		Ad-Hoc|x64 = Ad-Hoc|x64
		Ad-Hoc|x86 = Ad-Hoc|x86
		AppStore|Any CPU = AppStore|Any CPU
		AppStore|ARM = AppStore|ARM
		AppStore|iPhone = AppStore|iPhone
		AppStore|iPhoneSimulator = AppStore|iPhoneSimulator
		AppStore|x64 = AppStore|x64
		AppStore|x86 = AppStore|x86
		Debug|Any CPU = Debug|Any CPU
		Debug|ARM = Debug|ARM
		Debug|iPhone = Debug|iPhone
		Debug|iPhoneSimulator = Debug|iPhoneSimulator
		Debug|x64 = Debug|x64
		Debug|x86 = Debug|x86
		Release|Any CPU = Release|Any CPU
		Release|ARM = Release|ARM
		Release|iPhone = Release|iPhone
		Release|iPhoneSimulator = Release|iPhoneSimulator
		Release|x64 = Release|x64
		Release|x86 = Release|x86
	EndGlobalSection
	GlobalSection(ProjectConfigurationPlatforms) = postSolution
		{9836E6F8-D7A7-4AE2-9B06-AFAA49AC7E05}.Ad-Hoc|Any CPU.ActiveCfg = Release|Any CPU
		{9836E6F8-D7A7-4AE2-9B06-AFAA49AC7E05}.Ad-Hoc|Any CPU.Build.0 = Release|Any CPU
		{9836E6F8-D7A7-4AE2-9B06-AFAA49AC7E05}.Ad-Hoc|Any CPU.Deploy.0 = Release|Any CPU
		{9836E6F8-D7A7-4AE2-9B06-AFAA49AC7E05}.Ad-Hoc|ARM.ActiveCfg = Release|Any CPU
		{9836E6F8-D7A7-4AE2-9B06-AFAA49AC7E05}.Ad-Hoc|ARM.Build.0 = Release|Any CPU
		{9836E6F8-D7A7-4AE2-9B06-AFAA49AC7E05}.Ad-Hoc|ARM.Deploy.0 = Release|Any CPU
		{9836E6F8-D7A7-4AE2-9B06-AFAA49AC7E05}.Ad-Hoc|iPhone.ActiveCfg = Release|Any CPU
		{9836E6F8-D7A7-4AE2-9B06-AFAA49AC7E05}.Ad-Hoc|iPhone.Build.0 = Release|Any CPU
		{9836E6F8-D7A7-4AE2-9B06-AFAA49AC7E05}.Ad-Hoc|iPhone.Deploy.0 = Release|Any CPU
		{9836E6F8-D7A7-4AE2-9B06-AFAA49AC7E05}.Ad-Hoc|iPhoneSimulator.ActiveCfg = Release|Any CPU
		{9836E6F8-D7A7-4AE2-9B06-AFAA49AC7E05}.Ad-Hoc|iPhoneSimulator.Build.0 = Release|Any CPU
		{9836E6F8-D7A7-4AE2-9B06-AFAA49AC7E05}.Ad-Hoc|iPhoneSimulator.Deploy.0 = Release|Any CPU
		{9836E6F8-D7A7-4AE2-9B06-AFAA49AC7E05}.Ad-Hoc|x64.ActiveCfg = Release|Any CPU
		{9836E6F8-D7A7-4AE2-9B06-AFAA49AC7E05}.Ad-Hoc|x64.Build.0 = Release|Any CPU
		{9836E6F8-D7A7-4AE2-9B06-AFAA49AC7E05}.Ad-Hoc|x64.Deploy.0 = Release|Any CPU
		{9836E6F8-D7A7-4AE2-9B06-AFAA49AC7E05}.Ad-Hoc|x86.ActiveCfg = Release|Any CPU
		{9836E6F8-D7A7-4AE2-9B06-AFAA49AC7E05}.Ad-Hoc|x86.Build.0 = Release|Any CPU
		{9836E6F8-D7A7-4AE2-9B06-AFAA49AC7E05}.Ad-Hoc|x86.Deploy.0 = Release|Any CPU
		{9836E6F8-D7A7-4AE2-9B06-AFAA49AC7E05}.AppStore|Any CPU.ActiveCfg = Release|Any CPU
		{9836E6F8-D7A7-4AE2-9B06-AFAA49AC7E05}.AppStore|Any CPU.Build.0 = Release|Any CPU
		{9836E6F8-D7A7-4AE2-9B06-AFAA49AC7E05}.AppStore|Any CPU.Deploy.0 = Release|Any CPU
		{9836E6F8-D7A7-4AE2-9B06-AFAA49AC7E05}.AppStore|ARM.ActiveCfg = Release|Any CPU
		{9836E6F8-D7A7-4AE2-9B06-AFAA49AC7E05}.AppStore|ARM.Build.0 = Release|Any CPU
		{9836E6F8-D7A7-4AE2-9B06-AFAA49AC7E05}.AppStore|ARM.Deploy.0 = Release|Any CPU
		{9836E6F8-D7A7-4AE2-9B06-AFAA49AC7E05}.AppStore|iPhone.ActiveCfg = Release|Any CPU
		{9836E6F8-D7A7-4AE2-9B06-AFAA49AC7E05}.AppStore|iPhone.Build.0 = Release|Any CPU
		{9836E6F8-D7A7-4AE2-9B06-AFAA49AC7E05}.AppStore|iPhone.Deploy.0 = Release|Any CPU
		{9836E6F8-D7A7-4AE2-9B06-AFAA49AC7E05}.AppStore|iPhoneSimulator.ActiveCfg = Release|Any CPU
		{9836E6F8-D7A7-4AE2-9B06-AFAA49AC7E05}.AppStore|iPhoneSimulator.Build.0 = Release|Any CPU
		{9836E6F8-D7A7-4AE2-9B06-AFAA49AC7E05}.AppStore|iPhoneSimulator.Deploy.0 = Release|Any CPU
		{9836E6F8-D7A7-4AE2-9B06-AFAA49AC7E05}.AppStore|x64.ActiveCfg = Release|Any CPU
		{9836E6F8-D7A7-4AE2-9B06-AFAA49AC7E05}.AppStore|x64.Build.0 = Release|Any CPU
		{9836E6F8-D7A7-4AE2-9B06-AFAA49AC7E05}.AppStore|x64.Deploy.0 = Release|Any CPU
		{9836E6F8-D7A7-4AE2-9B06-AFAA49AC7E05}.AppStore|x86.ActiveCfg = Release|Any CPU
		{9836E6F8-D7A7-4AE2-9B06-AFAA49AC7E05}.AppStore|x86.Build.0 = Release|Any CPU
		{9836E6F8-D7A7-4AE2-9B06-AFAA49AC7E05}.AppStore|x86.Deploy.0 = Release|Any CPU
		{9836E6F8-D7A7-4AE2-9B06-AFAA49AC7E05}.Debug|Any CPU.ActiveCfg = Debug|Any CPU
		{9836E6F8-D7A7-4AE2-9B06-AFAA49AC7E05}.Debug|Any CPU.Build.0 = Debug|Any CPU
		{9836E6F8-D7A7-4AE2-9B06-AFAA49AC7E05}.Debug|Any CPU.Deploy.0 = Debug|Any CPU
		{9836E6F8-D7A7-4AE2-9B06-AFAA49AC7E05}.Debug|ARM.ActiveCfg = Debug|Any CPU
		{9836E6F8-D7A7-4AE2-9B06-AFAA49AC7E05}.Debug|ARM.Build.0 = Debug|Any CPU
		{9836E6F8-D7A7-4AE2-9B06-AFAA49AC7E05}.Debug|ARM.Deploy.0 = Debug|Any CPU
		{9836E6F8-D7A7-4AE2-9B06-AFAA49AC7E05}.Debug|iPhone.ActiveCfg = Debug|Any CPU
		{9836E6F8-D7A7-4AE2-9B06-AFAA49AC7E05}.Debug|iPhone.Build.0 = Debug|Any CPU
		{9836E6F8-D7A7-4AE2-9B06-AFAA49AC7E05}.Debug|iPhone.Deploy.0 = Debug|Any CPU
		{9836E6F8-D7A7-4AE2-9B06-AFAA49AC7E05}.Debug|iPhoneSimulator.ActiveCfg = Debug|Any CPU
		{9836E6F8-D7A7-4AE2-9B06-AFAA49AC7E05}.Debug|iPhoneSimulator.Build.0 = Debug|Any CPU
		{9836E6F8-D7A7-4AE2-9B06-AFAA49AC7E05}.Debug|iPhoneSimulator.Deploy.0 = Debug|Any CPU
		{9836E6F8-D7A7-4AE2-9B06-AFAA49AC7E05}.Debug|x64.ActiveCfg = Debug|Any CPU
		{9836E6F8-D7A7-4AE2-9B06-AFAA49AC7E05}.Debug|x64.Build.0 = Debug|Any CPU
		{9836E6F8-D7A7-4AE2-9B06-AFAA49AC7E05}.Debug|x64.Deploy.0 = Debug|Any CPU
		{9836E6F8-D7A7-4AE2-9B06-AFAA49AC7E05}.Debug|x86.ActiveCfg = Debug|Any CPU
		{9836E6F8-D7A7-4AE2-9B06-AFAA49AC7E05}.Debug|x86.Build.0 = Debug|Any CPU
		{9836E6F8-D7A7-4AE2-9B06-AFAA49AC7E05}.Debug|x86.Deploy.0 = Debug|Any CPU
		{9836E6F8-D7A7-4AE2-9B06-AFAA49AC7E05}.Release|Any CPU.ActiveCfg = Release|Any CPU
		{9836E6F8-D7A7-4AE2-9B06-AFAA49AC7E05}.Release|Any CPU.Build.0 = Release|Any CPU
		{9836E6F8-D7A7-4AE2-9B06-AFAA49AC7E05}.Release|Any CPU.Deploy.0 = Release|Any CPU
		{9836E6F8-D7A7-4AE2-9B06-AFAA49AC7E05}.Release|ARM.ActiveCfg = Release|Any CPU
		{9836E6F8-D7A7-4AE2-9B06-AFAA49AC7E05}.Release|ARM.Build.0 = Release|Any CPU
		{9836E6F8-D7A7-4AE2-9B06-AFAA49AC7E05}.Release|ARM.Deploy.0 = Release|Any CPU
		{9836E6F8-D7A7-4AE2-9B06-AFAA49AC7E05}.Release|iPhone.ActiveCfg = Release|Any CPU
		{9836E6F8-D7A7-4AE2-9B06-AFAA49AC7E05}.Release|iPhone.Build.0 = Release|Any CPU
		{9836E6F8-D7A7-4AE2-9B06-AFAA49AC7E05}.Release|iPhone.Deploy.0 = Release|Any CPU
		{9836E6F8-D7A7-4AE2-9B06-AFAA49AC7E05}.Release|iPhoneSimulator.ActiveCfg = Release|Any CPU
		{9836E6F8-D7A7-4AE2-9B06-AFAA49AC7E05}.Release|iPhoneSimulator.Build.0 = Release|Any CPU
		{9836E6F8-D7A7-4AE2-9B06-AFAA49AC7E05}.Release|iPhoneSimulator.Deploy.0 = Release|Any CPU
		{9836E6F8-D7A7-4AE2-9B06-AFAA49AC7E05}.Release|x64.ActiveCfg = Release|Any CPU
		{9836E6F8-D7A7-4AE2-9B06-AFAA49AC7E05}.Release|x64.Build.0 = Release|Any CPU
		{9836E6F8-D7A7-4AE2-9B06-AFAA49AC7E05}.Release|x64.Deploy.0 = Release|Any CPU
		{9836E6F8-D7A7-4AE2-9B06-AFAA49AC7E05}.Release|x86.ActiveCfg = Release|Any CPU
		{9836E6F8-D7A7-4AE2-9B06-AFAA49AC7E05}.Release|x86.Build.0 = Release|Any CPU
		{9836E6F8-D7A7-4AE2-9B06-AFAA49AC7E05}.Release|x86.Deploy.0 = Release|Any CPU
		{598386E4-D64D-450F-AE06-B4F5886B199A}.Ad-Hoc|Any CPU.ActiveCfg = Ad-Hoc|iPhone
		{598386E4-D64D-450F-AE06-B4F5886B199A}.Ad-Hoc|ARM.ActiveCfg = Ad-Hoc|iPhone
		{598386E4-D64D-450F-AE06-B4F5886B199A}.Ad-Hoc|iPhone.ActiveCfg = Ad-Hoc|iPhone
		{598386E4-D64D-450F-AE06-B4F5886B199A}.Ad-Hoc|iPhone.Build.0 = Ad-Hoc|iPhone
		{598386E4-D64D-450F-AE06-B4F5886B199A}.Ad-Hoc|iPhoneSimulator.ActiveCfg = Ad-Hoc|iPhoneSimulator
		{598386E4-D64D-450F-AE06-B4F5886B199A}.Ad-Hoc|iPhoneSimulator.Build.0 = Ad-Hoc|iPhoneSimulator
		{598386E4-D64D-450F-AE06-B4F5886B199A}.Ad-Hoc|x64.ActiveCfg = Ad-Hoc|iPhone
		{598386E4-D64D-450F-AE06-B4F5886B199A}.Ad-Hoc|x86.ActiveCfg = Ad-Hoc|iPhone
		{598386E4-D64D-450F-AE06-B4F5886B199A}.AppStore|Any CPU.ActiveCfg = AppStore|iPhone
		{598386E4-D64D-450F-AE06-B4F5886B199A}.AppStore|ARM.ActiveCfg = AppStore|iPhone
		{598386E4-D64D-450F-AE06-B4F5886B199A}.AppStore|iPhone.ActiveCfg = AppStore|iPhone
		{598386E4-D64D-450F-AE06-B4F5886B199A}.AppStore|iPhone.Build.0 = AppStore|iPhone
		{598386E4-D64D-450F-AE06-B4F5886B199A}.AppStore|iPhoneSimulator.ActiveCfg = AppStore|iPhoneSimulator
		{598386E4-D64D-450F-AE06-B4F5886B199A}.AppStore|iPhoneSimulator.Build.0 = AppStore|iPhoneSimulator
		{598386E4-D64D-450F-AE06-B4F5886B199A}.AppStore|x64.ActiveCfg = AppStore|iPhone
		{598386E4-D64D-450F-AE06-B4F5886B199A}.AppStore|x86.ActiveCfg = AppStore|iPhone
		{598386E4-D64D-450F-AE06-B4F5886B199A}.Debug|Any CPU.ActiveCfg = Debug|iPhone
		{598386E4-D64D-450F-AE06-B4F5886B199A}.Debug|ARM.ActiveCfg = Debug|iPhone
		{598386E4-D64D-450F-AE06-B4F5886B199A}.Debug|iPhone.ActiveCfg = Debug|iPhone
		{598386E4-D64D-450F-AE06-B4F5886B199A}.Debug|iPhone.Build.0 = Debug|iPhone
		{598386E4-D64D-450F-AE06-B4F5886B199A}.Debug|iPhoneSimulator.ActiveCfg = Debug|iPhoneSimulator
		{598386E4-D64D-450F-AE06-B4F5886B199A}.Debug|iPhoneSimulator.Build.0 = Debug|iPhoneSimulator
		{598386E4-D64D-450F-AE06-B4F5886B199A}.Debug|x64.ActiveCfg = Debug|iPhone
		{598386E4-D64D-450F-AE06-B4F5886B199A}.Debug|x86.ActiveCfg = Debug|iPhone
		{598386E4-D64D-450F-AE06-B4F5886B199A}.Release|Any CPU.ActiveCfg = Release|iPhone
		{598386E4-D64D-450F-AE06-B4F5886B199A}.Release|ARM.ActiveCfg = Release|iPhone
		{598386E4-D64D-450F-AE06-B4F5886B199A}.Release|iPhone.ActiveCfg = Release|iPhone
		{598386E4-D64D-450F-AE06-B4F5886B199A}.Release|iPhone.Build.0 = Release|iPhone
		{598386E4-D64D-450F-AE06-B4F5886B199A}.Release|iPhoneSimulator.ActiveCfg = Release|iPhoneSimulator
		{598386E4-D64D-450F-AE06-B4F5886B199A}.Release|iPhoneSimulator.Build.0 = Release|iPhoneSimulator
		{598386E4-D64D-450F-AE06-B4F5886B199A}.Release|x64.ActiveCfg = Release|iPhone
		{598386E4-D64D-450F-AE06-B4F5886B199A}.Release|x86.ActiveCfg = Release|iPhone
		{EB63722A-A1FA-470E-8F9B-65F5B1246F55}.Ad-Hoc|Any CPU.ActiveCfg = Release|x86
		{EB63722A-A1FA-470E-8F9B-65F5B1246F55}.Ad-Hoc|Any CPU.Build.0 = Release|x86
		{EB63722A-A1FA-470E-8F9B-65F5B1246F55}.Ad-Hoc|Any CPU.Deploy.0 = Release|x86
		{EB63722A-A1FA-470E-8F9B-65F5B1246F55}.Ad-Hoc|ARM.ActiveCfg = Release|ARM
		{EB63722A-A1FA-470E-8F9B-65F5B1246F55}.Ad-Hoc|ARM.Build.0 = Release|ARM
		{EB63722A-A1FA-470E-8F9B-65F5B1246F55}.Ad-Hoc|ARM.Deploy.0 = Release|ARM
		{EB63722A-A1FA-470E-8F9B-65F5B1246F55}.Ad-Hoc|iPhone.ActiveCfg = Release|x86
		{EB63722A-A1FA-470E-8F9B-65F5B1246F55}.Ad-Hoc|iPhone.Build.0 = Release|x86
		{EB63722A-A1FA-470E-8F9B-65F5B1246F55}.Ad-Hoc|iPhone.Deploy.0 = Release|x86
		{EB63722A-A1FA-470E-8F9B-65F5B1246F55}.Ad-Hoc|iPhoneSimulator.ActiveCfg = Release|x86
		{EB63722A-A1FA-470E-8F9B-65F5B1246F55}.Ad-Hoc|iPhoneSimulator.Build.0 = Release|x86
		{EB63722A-A1FA-470E-8F9B-65F5B1246F55}.Ad-Hoc|iPhoneSimulator.Deploy.0 = Release|x86
		{EB63722A-A1FA-470E-8F9B-65F5B1246F55}.Ad-Hoc|x64.ActiveCfg = Release|x64
		{EB63722A-A1FA-470E-8F9B-65F5B1246F55}.Ad-Hoc|x64.Build.0 = Release|x64
		{EB63722A-A1FA-470E-8F9B-65F5B1246F55}.Ad-Hoc|x64.Deploy.0 = Release|x64
		{EB63722A-A1FA-470E-8F9B-65F5B1246F55}.Ad-Hoc|x86.ActiveCfg = Release|x86
		{EB63722A-A1FA-470E-8F9B-65F5B1246F55}.Ad-Hoc|x86.Build.0 = Release|x86
		{EB63722A-A1FA-470E-8F9B-65F5B1246F55}.Ad-Hoc|x86.Deploy.0 = Release|x86
		{EB63722A-A1FA-470E-8F9B-65F5B1246F55}.AppStore|Any CPU.ActiveCfg = Release|x86
		{EB63722A-A1FA-470E-8F9B-65F5B1246F55}.AppStore|Any CPU.Build.0 = Release|x86
		{EB63722A-A1FA-470E-8F9B-65F5B1246F55}.AppStore|Any CPU.Deploy.0 = Release|x86
		{EB63722A-A1FA-470E-8F9B-65F5B1246F55}.AppStore|ARM.ActiveCfg = Release|ARM
		{EB63722A-A1FA-470E-8F9B-65F5B1246F55}.AppStore|ARM.Build.0 = Release|ARM
		{EB63722A-A1FA-470E-8F9B-65F5B1246F55}.AppStore|ARM.Deploy.0 = Release|ARM
		{EB63722A-A1FA-470E-8F9B-65F5B1246F55}.AppStore|iPhone.ActiveCfg = Release|x86
		{EB63722A-A1FA-470E-8F9B-65F5B1246F55}.AppStore|iPhone.Build.0 = Release|x86
		{EB63722A-A1FA-470E-8F9B-65F5B1246F55}.AppStore|iPhone.Deploy.0 = Release|x86
		{EB63722A-A1FA-470E-8F9B-65F5B1246F55}.AppStore|iPhoneSimulator.ActiveCfg = Release|x86
		{EB63722A-A1FA-470E-8F9B-65F5B1246F55}.AppStore|iPhoneSimulator.Build.0 = Release|x86
		{EB63722A-A1FA-470E-8F9B-65F5B1246F55}.AppStore|iPhoneSimulator.Deploy.0 = Release|x86
		{EB63722A-A1FA-470E-8F9B-65F5B1246F55}.AppStore|x64.ActiveCfg = Release|x64
		{EB63722A-A1FA-470E-8F9B-65F5B1246F55}.AppStore|x64.Build.0 = Release|x64
		{EB63722A-A1FA-470E-8F9B-65F5B1246F55}.AppStore|x64.Deploy.0 = Release|x64
		{EB63722A-A1FA-470E-8F9B-65F5B1246F55}.AppStore|x86.ActiveCfg = Release|x86
		{EB63722A-A1FA-470E-8F9B-65F5B1246F55}.AppStore|x86.Build.0 = Release|x86
		{EB63722A-A1FA-470E-8F9B-65F5B1246F55}.AppStore|x86.Deploy.0 = Release|x86
		{EB63722A-A1FA-470E-8F9B-65F5B1246F55}.Debug|Any CPU.ActiveCfg = Debug|x86
		{EB63722A-A1FA-470E-8F9B-65F5B1246F55}.Debug|ARM.ActiveCfg = Debug|ARM
		{EB63722A-A1FA-470E-8F9B-65F5B1246F55}.Debug|ARM.Build.0 = Debug|ARM
		{EB63722A-A1FA-470E-8F9B-65F5B1246F55}.Debug|ARM.Deploy.0 = Debug|ARM
		{EB63722A-A1FA-470E-8F9B-65F5B1246F55}.Debug|iPhone.ActiveCfg = Debug|x86
		{EB63722A-A1FA-470E-8F9B-65F5B1246F55}.Debug|iPhoneSimulator.ActiveCfg = Debug|x86
		{EB63722A-A1FA-470E-8F9B-65F5B1246F55}.Debug|x64.ActiveCfg = Debug|x64
		{EB63722A-A1FA-470E-8F9B-65F5B1246F55}.Debug|x64.Build.0 = Debug|x64
		{EB63722A-A1FA-470E-8F9B-65F5B1246F55}.Debug|x64.Deploy.0 = Debug|x64
		{EB63722A-A1FA-470E-8F9B-65F5B1246F55}.Debug|x86.ActiveCfg = Debug|x86
		{EB63722A-A1FA-470E-8F9B-65F5B1246F55}.Debug|x86.Build.0 = Debug|x86
		{EB63722A-A1FA-470E-8F9B-65F5B1246F55}.Debug|x86.Deploy.0 = Debug|x86
		{EB63722A-A1FA-470E-8F9B-65F5B1246F55}.Release|Any CPU.ActiveCfg = Release|x86
		{EB63722A-A1FA-470E-8F9B-65F5B1246F55}.Release|ARM.ActiveCfg = Release|ARM
		{EB63722A-A1FA-470E-8F9B-65F5B1246F55}.Release|ARM.Build.0 = Release|ARM
		{EB63722A-A1FA-470E-8F9B-65F5B1246F55}.Release|ARM.Deploy.0 = Release|ARM
		{EB63722A-A1FA-470E-8F9B-65F5B1246F55}.Release|iPhone.ActiveCfg = Release|x86
		{EB63722A-A1FA-470E-8F9B-65F5B1246F55}.Release|iPhoneSimulator.ActiveCfg = Release|x86
		{EB63722A-A1FA-470E-8F9B-65F5B1246F55}.Release|x64.ActiveCfg = Release|x64
		{EB63722A-A1FA-470E-8F9B-65F5B1246F55}.Release|x64.Build.0 = Release|x64
		{EB63722A-A1FA-470E-8F9B-65F5B1246F55}.Release|x64.Deploy.0 = Release|x64
		{EB63722A-A1FA-470E-8F9B-65F5B1246F55}.Release|x86.ActiveCfg = Release|x86
		{EB63722A-A1FA-470E-8F9B-65F5B1246F55}.Release|x86.Build.0 = Release|x86
		{EB63722A-A1FA-470E-8F9B-65F5B1246F55}.Release|x86.Deploy.0 = Release|x86
		{A55F70C3-116A-467D-80D8-55DB02305318}.Ad-Hoc|Any CPU.ActiveCfg = Debug|Any CPU
		{A55F70C3-116A-467D-80D8-55DB02305318}.Ad-Hoc|Any CPU.Build.0 = Debug|Any CPU
		{A55F70C3-116A-467D-80D8-55DB02305318}.Ad-Hoc|ARM.ActiveCfg = Debug|Any CPU
		{A55F70C3-116A-467D-80D8-55DB02305318}.Ad-Hoc|ARM.Build.0 = Debug|Any CPU
		{A55F70C3-116A-467D-80D8-55DB02305318}.Ad-Hoc|iPhone.ActiveCfg = Debug|Any CPU
		{A55F70C3-116A-467D-80D8-55DB02305318}.Ad-Hoc|iPhone.Build.0 = Debug|Any CPU
		{A55F70C3-116A-467D-80D8-55DB02305318}.Ad-Hoc|iPhoneSimulator.ActiveCfg = Debug|Any CPU
		{A55F70C3-116A-467D-80D8-55DB02305318}.Ad-Hoc|iPhoneSimulator.Build.0 = Debug|Any CPU
		{A55F70C3-116A-467D-80D8-55DB02305318}.Ad-Hoc|x64.ActiveCfg = Debug|Any CPU
		{A55F70C3-116A-467D-80D8-55DB02305318}.Ad-Hoc|x64.Build.0 = Debug|Any CPU
		{A55F70C3-116A-467D-80D8-55DB02305318}.Ad-Hoc|x86.ActiveCfg = Debug|Any CPU
		{A55F70C3-116A-467D-80D8-55DB02305318}.Ad-Hoc|x86.Build.0 = Debug|Any CPU
		{A55F70C3-116A-467D-80D8-55DB02305318}.AppStore|Any CPU.ActiveCfg = Debug|Any CPU
		{A55F70C3-116A-467D-80D8-55DB02305318}.AppStore|Any CPU.Build.0 = Debug|Any CPU
		{A55F70C3-116A-467D-80D8-55DB02305318}.AppStore|ARM.ActiveCfg = Debug|Any CPU
		{A55F70C3-116A-467D-80D8-55DB02305318}.AppStore|ARM.Build.0 = Debug|Any CPU
		{A55F70C3-116A-467D-80D8-55DB02305318}.AppStore|iPhone.ActiveCfg = Debug|Any CPU
		{A55F70C3-116A-467D-80D8-55DB02305318}.AppStore|iPhone.Build.0 = Debug|Any CPU
		{A55F70C3-116A-467D-80D8-55DB02305318}.AppStore|iPhoneSimulator.ActiveCfg = Debug|Any CPU
		{A55F70C3-116A-467D-80D8-55DB02305318}.AppStore|iPhoneSimulator.Build.0 = Debug|Any CPU
		{A55F70C3-116A-467D-80D8-55DB02305318}.AppStore|x64.ActiveCfg = Debug|Any CPU
		{A55F70C3-116A-467D-80D8-55DB02305318}.AppStore|x64.Build.0 = Debug|Any CPU
		{A55F70C3-116A-467D-80D8-55DB02305318}.AppStore|x86.ActiveCfg = Debug|Any CPU
		{A55F70C3-116A-467D-80D8-55DB02305318}.AppStore|x86.Build.0 = Debug|Any CPU
		{A55F70C3-116A-467D-80D8-55DB02305318}.Debug|Any CPU.ActiveCfg = Debug|Any CPU
		{A55F70C3-116A-467D-80D8-55DB02305318}.Debug|Any CPU.Build.0 = Debug|Any CPU
		{A55F70C3-116A-467D-80D8-55DB02305318}.Debug|ARM.ActiveCfg = Debug|Any CPU
		{A55F70C3-116A-467D-80D8-55DB02305318}.Debug|ARM.Build.0 = Debug|Any CPU
		{A55F70C3-116A-467D-80D8-55DB02305318}.Debug|iPhone.ActiveCfg = Debug|Any CPU
		{A55F70C3-116A-467D-80D8-55DB02305318}.Debug|iPhone.Build.0 = Debug|Any CPU
		{A55F70C3-116A-467D-80D8-55DB02305318}.Debug|iPhoneSimulator.ActiveCfg = Debug|Any CPU
		{A55F70C3-116A-467D-80D8-55DB02305318}.Debug|iPhoneSimulator.Build.0 = Debug|Any CPU
		{A55F70C3-116A-467D-80D8-55DB02305318}.Debug|x64.ActiveCfg = Debug|Any CPU
		{A55F70C3-116A-467D-80D8-55DB02305318}.Debug|x64.Build.0 = Debug|Any CPU
		{A55F70C3-116A-467D-80D8-55DB02305318}.Debug|x86.ActiveCfg = Debug|Any CPU
		{A55F70C3-116A-467D-80D8-55DB02305318}.Debug|x86.Build.0 = Debug|Any CPU
		{A55F70C3-116A-467D-80D8-55DB02305318}.Release|Any CPU.ActiveCfg = Release|Any CPU
		{A55F70C3-116A-467D-80D8-55DB02305318}.Release|Any CPU.Build.0 = Release|Any CPU
		{A55F70C3-116A-467D-80D8-55DB02305318}.Release|ARM.ActiveCfg = Release|Any CPU
		{A55F70C3-116A-467D-80D8-55DB02305318}.Release|ARM.Build.0 = Release|Any CPU
		{A55F70C3-116A-467D-80D8-55DB02305318}.Release|iPhone.ActiveCfg = Release|Any CPU
		{A55F70C3-116A-467D-80D8-55DB02305318}.Release|iPhone.Build.0 = Release|Any CPU
		{A55F70C3-116A-467D-80D8-55DB02305318}.Release|iPhoneSimulator.ActiveCfg = Release|Any CPU
		{A55F70C3-116A-467D-80D8-55DB02305318}.Release|iPhoneSimulator.Build.0 = Release|Any CPU
		{A55F70C3-116A-467D-80D8-55DB02305318}.Release|x64.ActiveCfg = Release|Any CPU
		{A55F70C3-116A-467D-80D8-55DB02305318}.Release|x64.Build.0 = Release|Any CPU
		{A55F70C3-116A-467D-80D8-55DB02305318}.Release|x86.ActiveCfg = Release|Any CPU
		{A55F70C3-116A-467D-80D8-55DB02305318}.Release|x86.Build.0 = Release|Any CPU
	EndGlobalSection
	GlobalSection(SolutionProperties) = preSolution
		HideSolutionNode = FALSE
	EndGlobalSection
	GlobalSection(ExtensibilityGlobals) = postSolution
		SolutionGuid = {F15378D2-7F5A-419A-8EA5-8E4A74365DCC}
	EndGlobalSection
EndGlobal
